
Microsoft Visual Studio Solution File, Format Version 12.00
# Visual Studio 15
VisualStudioVersion = 15.0.28307.168
MinimumVisualStudioVersion = 10.0.40219.1
Project("{FAE04EC0-301F-11D3-BF4B-00C04F79EFBC}") = "WebApplication1", "WebApplication1\WebApplication1.csproj", "{75B96C12-B3DE-487B-8E94-222ADBE5909F}"
EndProject
Global
	GlobalSection(SolutionConfigurationPlatforms) = preSolution
		Debug|Any CPU = Debug|Any CPU
		Release|Any CPU = Release|Any CPU
	EndGlobalSection
	GlobalSection(ProjectConfigurationPlatforms) = postSolution
		{75B96C12-B3DE-487B-8E94-222ADBE5909F}.Debug|Any CPU.ActiveCfg = Debug|Any CPU
		{75B96C12-B3DE-487B-8E94-222ADBE5909F}.Debug|Any CPU.Build.0 = Debug|Any CPU
		{75B96C12-B3DE-487B-8E94-222ADBE5909F}.Release|Any CPU.ActiveCfg = Release|Any CPU
		{75B96C12-B3DE-487B-8E94-222ADBE5909F}.Release|Any CPU.Build.0 = Release|Any CPU
	EndGlobalSection
	GlobalSection(SolutionProperties) = preSolution
		HideSolutionNode = FALSE
	EndGlobalSection
	GlobalSection(ExtensibilityGlobals) = postSolution
		SolutionGuid = {025BDAA9-3090-4AAE-B405-555DAE1A201B}
	EndGlobalSection
EndGlobal
